
Microsoft Visual Studio Solution File, Format Version 12.00
# Visual Studio Version 16
VisualStudioVersion = 16.0.31702.278
MinimumVisualStudioVersion = 10.0.40219.1
Project("{FAE04EC0-301F-11D3-BF4B-00C04F79EFBC}") = "Aakash_301134994_Lab1", "Aakash_301134994_Lab1\Aakash_301134994_Lab1.csproj", "{7D691B76-E2A7-4A5A-8C56-3914416836BA}"
EndProject
Global
	GlobalSection(SolutionConfigurationPlatforms) = preSolution
		Debug|Any CPU = Debug|Any CPU
		Release|Any CPU = Release|Any CPU
	EndGlobalSection
	GlobalSection(ProjectConfigurationPlatforms) = postSolution
		{7D691B76-E2A7-4A5A-8C56-3914416836BA}.Debug|Any CPU.ActiveCfg = Debug|Any CPU
		{7D691B76-E2A7-4A5A-8C56-3914416836BA}.Debug|Any CPU.Build.0 = Debug|Any CPU
		{7D691B76-E2A7-4A5A-8C56-3914416836BA}.Release|Any CPU.ActiveCfg = Release|Any CPU
		{7D691B76-E2A7-4A5A-8C56-3914416836BA}.Release|Any CPU.Build.0 = Release|Any CPU
	EndGlobalSection
	GlobalSection(SolutionProperties) = preSolution
		HideSolutionNode = FALSE
	EndGlobalSection
	GlobalSection(ExtensibilityGlobals) = postSolution
		SolutionGuid = {CE767CCF-E65D-4DF8-A6E9-7B6562816D3A}
	EndGlobalSection
EndGlobal
